
Microsoft Visual Studio Solution File, Format Version 12.00
# Visual Studio Version 17
VisualStudioVersion = 17.0.31903.59
MinimumVisualStudioVersion = 10.0.40219.1
Project("{FAE04EC0-301F-11D3-BF4B-00C04F79EFBC}") = "HelloWorld", "src\HelloWorld.csproj", "{628B85DF-D28D-4335-86AB-525476F30045}"
EndProject
Global
	GlobalSection(SolutionConfigurationPlatforms) = preSolution
		Debug|Any CPU = Debug|Any CPU
		Release|Any CPU = Release|Any CPU
	EndGlobalSection
	GlobalSection(SolutionProperties) = preSolution
		HideSolutionNode = FALSE
	EndGlobalSection
	GlobalSection(ProjectConfigurationPlatforms) = postSolution
		{628B85DF-D28D-4335-86AB-525476F30045}.Debug|Any CPU.ActiveCfg = Debug|Any CPU
		{628B85DF-D28D-4335-86AB-525476F30045}.Debug|Any CPU.Build.0 = Debug|Any CPU
		{628B85DF-D28D-4335-86AB-525476F30045}.Release|Any CPU.ActiveCfg = Release|Any CPU
		{628B85DF-D28D-4335-86AB-525476F30045}.Release|Any CPU.Build.0 = Release|Any CPU
	EndGlobalSection
EndGlobal
